
Microsoft Visual Studio Solution File, Format Version 12.00
# Visual Studio Version 17
VisualStudioVersion = 17.4.33213.308
MinimumVisualStudioVersion = 10.0.40219.1
Project("{8BC9CEB8-8B4A-11D0-8D11-00A0C91BC942}") = "Martin_Lab5", "Martin_Lab5\Martin_Lab5.vcxproj", "{971C0B69-7401-454C-A21E-ACF414CB64FF}"
EndProject
Global
	GlobalSection(SolutionConfigurationPlatforms) = preSolution
		Debug|x64 = Debug|x64
		Debug|x86 = Debug|x86
		Release|x64 = Release|x64
		Release|x86 = Release|x86
	EndGlobalSection
	GlobalSection(ProjectConfigurationPlatforms) = postSolution
		{971C0B69-7401-454C-A21E-ACF414CB64FF}.Debug|x64.ActiveCfg = Debug|x64
		{971C0B69-7401-454C-A21E-ACF414CB64FF}.Debug|x64.Build.0 = Debug|x64
		{971C0B69-7401-454C-A21E-ACF414CB64FF}.Debug|x86.ActiveCfg = Debug|Win32
		{971C0B69-7401-454C-A21E-ACF414CB64FF}.Debug|x86.Build.0 = Debug|Win32
		{971C0B69-7401-454C-A21E-ACF414CB64FF}.Release|x64.ActiveCfg = Release|x64
		{971C0B69-7401-454C-A21E-ACF414CB64FF}.Release|x64.Build.0 = Release|x64
		{971C0B69-7401-454C-A21E-ACF414CB64FF}.Release|x86.ActiveCfg = Release|Win32
		{971C0B69-7401-454C-A21E-ACF414CB64FF}.Release|x86.Build.0 = Release|Win32
	EndGlobalSection
	GlobalSection(SolutionProperties) = preSolution
		HideSolutionNode = FALSE
	EndGlobalSection
	GlobalSection(ExtensibilityGlobals) = postSolution
		SolutionGuid = {1592D345-89A3-47D3-A75B-EBDBDE932CE8}
	EndGlobalSection
EndGlobal
